
Microsoft Visual Studio Solution File, Format Version 12.00
# Visual Studio Version 17
VisualStudioVersion = 17.2.32526.322
MinimumVisualStudioVersion = 10.0.40219.1
Project("{FAE04EC0-301F-11D3-BF4B-00C04F79EFBC}") = "kvetnovy projekt", "kvetnovy projekt\kvetnovy projekt.csproj", "{0460B61F-C5E0-4463-BCB2-072A690FA1DA}"
EndProject
Global
	GlobalSection(SolutionConfigurationPlatforms) = preSolution
		Debug|Any CPU = Debug|Any CPU
		Release|Any CPU = Release|Any CPU
	EndGlobalSection
	GlobalSection(ProjectConfigurationPlatforms) = postSolution
		{0460B61F-C5E0-4463-BCB2-072A690FA1DA}.Debug|Any CPU.ActiveCfg = Debug|Any CPU
		{0460B61F-C5E0-4463-BCB2-072A690FA1DA}.Debug|Any CPU.Build.0 = Debug|Any CPU
		{0460B61F-C5E0-4463-BCB2-072A690FA1DA}.Release|Any CPU.ActiveCfg = Release|Any CPU
		{0460B61F-C5E0-4463-BCB2-072A690FA1DA}.Release|Any CPU.Build.0 = Release|Any CPU
	EndGlobalSection
	GlobalSection(SolutionProperties) = preSolution
		HideSolutionNode = FALSE
	EndGlobalSection
	GlobalSection(ExtensibilityGlobals) = postSolution
		SolutionGuid = {DF7B5868-6CCF-41F3-9A86-DBB212466660}
	EndGlobalSection
EndGlobal
